
Microsoft Visual Studio Solution File, Format Version 12.00
# Visual Studio Version 16
VisualStudioVersion = 16.0.31112.23
MinimumVisualStudioVersion = 10.0.40219.1
Project("{FAE04EC0-301F-11D3-BF4B-00C04F79EFBC}") = "CosmosGettingStartedTutorial", "CosmosGettingStartedTutorial\CosmosGettingStartedTutorial.csproj", "{B15A7B5A-D5ED-4420-8241-30EFF60AB6C2}"
EndProject
Global
	GlobalSection(SolutionConfigurationPlatforms) = preSolution
		Debug|Any CPU = Debug|Any CPU
		Release|Any CPU = Release|Any CPU
	EndGlobalSection
	GlobalSection(ProjectConfigurationPlatforms) = postSolution
		{B15A7B5A-D5ED-4420-8241-30EFF60AB6C2}.Debug|Any CPU.ActiveCfg = Debug|Any CPU
		{B15A7B5A-D5ED-4420-8241-30EFF60AB6C2}.Debug|Any CPU.Build.0 = Debug|Any CPU
		{B15A7B5A-D5ED-4420-8241-30EFF60AB6C2}.Release|Any CPU.ActiveCfg = Release|Any CPU
		{B15A7B5A-D5ED-4420-8241-30EFF60AB6C2}.Release|Any CPU.Build.0 = Release|Any CPU
	EndGlobalSection
	GlobalSection(SolutionProperties) = preSolution
		HideSolutionNode = FALSE
	EndGlobalSection
	GlobalSection(ExtensibilityGlobals) = postSolution
		SolutionGuid = {525877ED-D178-4291-9BFD-1075DD5A09D5}
	EndGlobalSection
EndGlobal
